
Microsoft Visual Studio Solution File, Format Version 12.00
# Visual Studio 15
VisualStudioVersion = 15.0.28010.2041
MinimumVisualStudioVersion = 10.0.40219.1
Project("{FAE04EC0-301F-11D3-BF4B-00C04F79EFBC}") = "glowny", "Projekt PO\glowny.csproj", "{AD162A2A-E6F6-4437-B350-414299A26CCE}"
EndProject
Project("{FAE04EC0-301F-11D3-BF4B-00C04F79EFBC}") = "GUI", "GUI\GUI.csproj", "{C2258F44-82B2-4D1F-ADA2-CCD4696400CD}"
EndProject
Global
	GlobalSection(SolutionConfigurationPlatforms) = preSolution
		Debug|Any CPU = Debug|Any CPU
		Release|Any CPU = Release|Any CPU
	EndGlobalSection
	GlobalSection(ProjectConfigurationPlatforms) = postSolution
		{AD162A2A-E6F6-4437-B350-414299A26CCE}.Debug|Any CPU.ActiveCfg = Debug|Any CPU
		{AD162A2A-E6F6-4437-B350-414299A26CCE}.Debug|Any CPU.Build.0 = Debug|Any CPU
		{AD162A2A-E6F6-4437-B350-414299A26CCE}.Release|Any CPU.ActiveCfg = Release|Any CPU
		{AD162A2A-E6F6-4437-B350-414299A26CCE}.Release|Any CPU.Build.0 = Release|Any CPU
		{C2258F44-82B2-4D1F-ADA2-CCD4696400CD}.Debug|Any CPU.ActiveCfg = Debug|Any CPU
		{C2258F44-82B2-4D1F-ADA2-CCD4696400CD}.Debug|Any CPU.Build.0 = Debug|Any CPU
		{C2258F44-82B2-4D1F-ADA2-CCD4696400CD}.Release|Any CPU.ActiveCfg = Release|Any CPU
		{C2258F44-82B2-4D1F-ADA2-CCD4696400CD}.Release|Any CPU.Build.0 = Release|Any CPU
	EndGlobalSection
	GlobalSection(SolutionProperties) = preSolution
		HideSolutionNode = FALSE
	EndGlobalSection
	GlobalSection(ExtensibilityGlobals) = postSolution
		SolutionGuid = {4A7AAAAA-70DB-4304-A3E7-2B69A0F7A727}
	EndGlobalSection
EndGlobal
